
Microsoft Visual Studio Solution File, Format Version 12.00
Project("{FAE04EC0-301F-11D3-BF4B-00C04F79EFBC}") = "nKafka.Contracts", "nKafka.Contracts\nKafka.Contracts.csproj", "{02DE0135-4FDA-4A45-93F6-AD7CDEEC35FB}"
EndProject
Project("{FAE04EC0-301F-11D3-BF4B-00C04F79EFBC}") = "nKafka.Contracts.Tests", "nKafka.Contracts.Tests\nKafka.Contracts.Tests.csproj", "{8F790FF0-5D53-41D7-AC01-3B47F9418278}"
EndProject
Project("{FAE04EC0-301F-11D3-BF4B-00C04F79EFBC}") = "nKafka.Contracts.Generator", "nKafka.Contracts.Generator\nKafka.Contracts.Generator.csproj", "{33C85781-F90A-47FE-8949-9BE36EFA7A1D}"
EndProject
Project("{FAE04EC0-301F-11D3-BF4B-00C04F79EFBC}") = "nKafka.Contracts.Generator.Tests", "nKafka.Contracts.Generator.Tests\nKafka.Contracts.Generator.Tests.csproj", "{CF03D7B2-1304-4F0E-85C9-07C8D6696C84}"
EndProject
Project("{FAE04EC0-301F-11D3-BF4B-00C04F79EFBC}") = "nKafka.Contracts.Primitives", "nKafka.Contracts.Primitives\nKafka.Contracts.Primitives.csproj", "{72CDCFA7-5829-429C-8EBB-0A552DFC8F5E}"
EndProject
Project("{FAE04EC0-301F-11D3-BF4B-00C04F79EFBC}") = "nKafka.Contracts.Primitives.Tests", "nKafka.Contracts.Primitives.Tests\nKafka.Contracts.Primitives.Tests.csproj", "{AA6086C1-55B3-4B9B-9722-C2F1CE1E5C30}"
EndProject
Global
	GlobalSection(SolutionConfigurationPlatforms) = preSolution
		Debug|Any CPU = Debug|Any CPU
		Release|Any CPU = Release|Any CPU
	EndGlobalSection
	GlobalSection(ProjectConfigurationPlatforms) = postSolution
		{02DE0135-4FDA-4A45-93F6-AD7CDEEC35FB}.Debug|Any CPU.ActiveCfg = Debug|Any CPU
		{02DE0135-4FDA-4A45-93F6-AD7CDEEC35FB}.Debug|Any CPU.Build.0 = Debug|Any CPU
		{02DE0135-4FDA-4A45-93F6-AD7CDEEC35FB}.Release|Any CPU.ActiveCfg = Release|Any CPU
		{02DE0135-4FDA-4A45-93F6-AD7CDEEC35FB}.Release|Any CPU.Build.0 = Release|Any CPU
		{8F790FF0-5D53-41D7-AC01-3B47F9418278}.Debug|Any CPU.ActiveCfg = Debug|Any CPU
		{8F790FF0-5D53-41D7-AC01-3B47F9418278}.Debug|Any CPU.Build.0 = Debug|Any CPU
		{8F790FF0-5D53-41D7-AC01-3B47F9418278}.Release|Any CPU.ActiveCfg = Release|Any CPU
		{8F790FF0-5D53-41D7-AC01-3B47F9418278}.Release|Any CPU.Build.0 = Release|Any CPU
		{33C85781-F90A-47FE-8949-9BE36EFA7A1D}.Debug|Any CPU.ActiveCfg = Debug|Any CPU
		{33C85781-F90A-47FE-8949-9BE36EFA7A1D}.Debug|Any CPU.Build.0 = Debug|Any CPU
		{33C85781-F90A-47FE-8949-9BE36EFA7A1D}.Release|Any CPU.ActiveCfg = Release|Any CPU
		{33C85781-F90A-47FE-8949-9BE36EFA7A1D}.Release|Any CPU.Build.0 = Release|Any CPU
		{CF03D7B2-1304-4F0E-85C9-07C8D6696C84}.Debug|Any CPU.ActiveCfg = Debug|Any CPU
		{CF03D7B2-1304-4F0E-85C9-07C8D6696C84}.Debug|Any CPU.Build.0 = Debug|Any CPU
		{CF03D7B2-1304-4F0E-85C9-07C8D6696C84}.Release|Any CPU.ActiveCfg = Release|Any CPU
		{CF03D7B2-1304-4F0E-85C9-07C8D6696C84}.Release|Any CPU.Build.0 = Release|Any CPU
		{72CDCFA7-5829-429C-8EBB-0A552DFC8F5E}.Debug|Any CPU.ActiveCfg = Debug|Any CPU
		{72CDCFA7-5829-429C-8EBB-0A552DFC8F5E}.Debug|Any CPU.Build.0 = Debug|Any CPU
		{72CDCFA7-5829-429C-8EBB-0A552DFC8F5E}.Release|Any CPU.ActiveCfg = Release|Any CPU
		{72CDCFA7-5829-429C-8EBB-0A552DFC8F5E}.Release|Any CPU.Build.0 = Release|Any CPU
		{AA6086C1-55B3-4B9B-9722-C2F1CE1E5C30}.Debug|Any CPU.ActiveCfg = Debug|Any CPU
		{AA6086C1-55B3-4B9B-9722-C2F1CE1E5C30}.Debug|Any CPU.Build.0 = Debug|Any CPU
		{AA6086C1-55B3-4B9B-9722-C2F1CE1E5C30}.Release|Any CPU.ActiveCfg = Release|Any CPU
		{AA6086C1-55B3-4B9B-9722-C2F1CE1E5C30}.Release|Any CPU.Build.0 = Release|Any CPU
	EndGlobalSection
EndGlobal
